// !$*UTF8*$!
{
	archiveVersion = 1;
	classes = {
	};
	objectVersion = 55;
	objects = {

/* Begin PBXBuildFile section */
		BF31EF5B2744928F00BC1F53 /* SwiftUIView.swift in Sources */ = {isa = PBXBuildFile; fileRef = BF31EF5A2744928E00BC1F53 /* SwiftUIView.swift */; };
		BFD13A10272A423F00339DA7 /* PouchesApp.swift in Sources */ = {isa = PBXBuildFile; fileRef = BFD13A0F272A423F00339DA7 /* PouchesApp.swift */; };
		BFD13A12272A423F00339DA7 /* ContentView.swift in Sources */ = {isa = PBXBuildFile; fileRef = BFD13A11272A423F00339DA7 /* ContentView.swift */; };
		BFD13A14272A424200339DA7 /* Assets.xcassets in Resources */ = {isa = PBXBuildFile; fileRef = BFD13A13272A424200339DA7 /* Assets.xcassets */; };
		BFD13A17272A424200339DA7 /* Preview Assets.xcassets in Resources */ = {isa = PBXBuildFile; fileRef = BFD13A16272A424200339DA7 /* Preview Assets.xcassets */; };
		BFD13A21272A424200339DA7 /* PouchesTests.swift in Sources */ = {isa = PBXBuildFile; fileRef = BFD13A20272A424200339DA7 /* PouchesTests.swift */; };
		BFD13A2B272A424200339DA7 /* PouchesUITests.swift in Sources */ = {isa = PBXBuildFile; fileRef = BFD13A2A272A424200339DA7 /* PouchesUITests.swift */; };
		BFD13A2D272A424200339DA7 /* PouchesUITestsLaunchTests.swift in Sources */ = {isa = PBXBuildFile; fileRef = BFD13A2C272A424200339DA7 /* PouchesUITestsLaunchTests.swift */; };
		BFEE7DE02746EED200FFA8AA /* BudgetFunction.swift in Sources */ = {isa = PBXBuildFile; fileRef = BFEE7DDF2746EED200FFA8AA /* BudgetFunction.swift */; };
/* End PBXBuildFile section */

/* Begin PBXContainerItemProxy section */
		BFD13A1D272A424200339DA7 /* PBXContainerItemProxy */ = {
			isa = PBXContainerItemProxy;
			containerPortal = BFD13A04272A423F00339DA7 /* Project object */;
			proxyType = 1;
			remoteGlobalIDString = BFD13A0B272A423F00339DA7;
			remoteInfo = Pouches;
		};
		BFD13A27272A424200339DA7 /* PBXContainerItemProxy */ = {
			isa = PBXContainerItemProxy;
			containerPortal = BFD13A04272A423F00339DA7 /* Project object */;
			proxyType = 1;
			remoteGlobalIDString = BFD13A0B272A423F00339DA7;
			remoteInfo = Pouches;
		};
/* End PBXContainerItemProxy section */

/* Begin PBXFileReference section */
		BF31EF5A2744928E00BC1F53 /* SwiftUIView.swift */ = {isa = PBXFileReference; lastKnownFileType = sourcecode.swift; path = SwiftUIView.swift; sourceTree = "<group>"; };
		BFD13A0C272A423F00339DA7 /* Pouches.app */ = {isa = PBXFileReference; explicitFileType = wrapper.application; includeInIndex = 0; path = Pouches.app; sourceTree = BUILT_PRODUCTS_DIR; };
		BFD13A0F272A423F00339DA7 /* PouchesApp.swift */ = {isa = PBXFileReference; lastKnownFileType = sourcecode.swift; path = PouchesApp.swift; sourceTree = "<group>"; };
		BFD13A11272A423F00339DA7 /* ContentView.swift */ = {isa = PBXFileReference; lastKnownFileType = sourcecode.swift; path = ContentView.swift; sourceTree = "<group>"; };
		BFD13A13272A424200339DA7 /* Assets.xcassets */ = {isa = PBXFileReference; lastKnownFileType = folder.assetcatalog; path = Assets.xcassets; sourceTree = "<group>"; };
		BFD13A16272A424200339DA7 /* Preview Assets.xcassets */ = {isa = PBXFileReference; lastKnownFileType = folder.assetcatalog; path = "Preview Assets.xcassets"; sourceTree = "<group>"; };
		BFD13A1C272A424200339DA7 /* PouchesTests.xctest */ = {isa = PBXFileReference; explicitFileType = wrapper.cfbundle; includeInIndex = 0; path = PouchesTests.xctest; sourceTree = BUILT_PRODUCTS_DIR; };
		BFD13A20272A424200339DA7 /* PouchesTests.swift */ = {isa = PBXFileReference; lastKnownFileType = sourcecode.swift; path = PouchesTests.swift; sourceTree = "<group>"; };
		BFD13A26272A424200339DA7 /* PouchesUITests.xctest */ = {isa = PBXFileReference; explicitFileType = wrapper.cfbundle; includeInIndex = 0; path = PouchesUITests.xctest; sourceTree = BUILT_PRODUCTS_DIR; };
		BFD13A2A272A424200339DA7 /* PouchesUITests.swift */ = {isa = PBXFileReference; lastKnownFileType = sourcecode.swift; path = PouchesUITests.swift; sourceTree = "<group>"; };
		BFD13A2C272A424200339DA7 /* PouchesUITestsLaunchTests.swift */ = {isa = PBXFileReference; lastKnownFileType = sourcecode.swift; path = PouchesUITestsLaunchTests.swift; sourceTree = "<group>"; };
		BFEE7DDF2746EED200FFA8AA /* BudgetFunction.swift */ = {isa = PBXFileReference; lastKnownFileType = sourcecode.swift; path = BudgetFunction.swift; sourceTree = "<group>"; };
/* End PBXFileReference section */

/* Begin PBXFrameworksBuildPhase section */
		BFD13A09272A423F00339DA7 /* Frameworks */ = {
			isa = PBXFrameworksBuildPhase;
			buildActionMask = 2147483647;
			files = (
			);
			runOnlyForDeploymentPostprocessing = 0;
		};
		BFD13A19272A424200339DA7 /* Frameworks */ = {
			isa = PBXFrameworksBuildPhase;
			buildActionMask = 2147483647;
			files = (
			);
			runOnlyForDeploymentPostprocessing = 0;
		};
		BFD13A23272A424200339DA7 /* Frameworks */ = {
			isa = PBXFrameworksBuildPhase;
			buildActionMask = 2147483647;
			files = (
			);
			runOnlyForDeploymentPostprocessing = 0;
		};
/* End PBXFrameworksBuildPhase section */

/* Begin PBXGroup section */
		BFD13A03272A423F00339DA7 = {
			isa = PBXGroup;
			children = (
				BFD13A0E272A423F00339DA7 /* Pouches */,
				BFD13A1F272A424200339DA7 /* PouchesTests */,
				BFD13A29272A424200339DA7 /* PouchesUITests */,
				BFD13A0D272A423F00339DA7 /* Products */,
			);
			sourceTree = "<group>";
		};
		BFD13A0D272A423F00339DA7 /* Products */ = {
			isa = PBXGroup;
			children = (
				BFD13A0C272A423F00339DA7 /* Pouches.app */,
				BFD13A1C272A424200339DA7 /* PouchesTests.xctest */,
				BFD13A26272A424200339DA7 /* PouchesUITests.xctest */,
			);
			name = Products;
			sourceTree = "<group>";
		};
		BFD13A0E272A423F00339DA7 /* Pouches */ = {
			isa = PBXGroup;
			children = (
				BFD13A0F272A423F00339DA7 /* PouchesApp.swift */,
				BFD13A11272A423F00339DA7 /* ContentView.swift */,
				BFEE7DDF2746EED200FFA8AA /* BudgetFunction.swift */,
				BF31EF5A2744928E00BC1F53 /* SwiftUIView.swift */,
				BFD13A13272A424200339DA7 /* Assets.xcassets */,
				BFD13A15272A424200339DA7 /* Preview Content */,
			);
			path = Pouches;
			sourceTree = "<group>";
		};
		BFD13A15272A424200339DA7 /* Preview Content */ = {
			isa = PBXGroup;
			children = (
				BFD13A16272A424200339DA7 /* Preview Assets.xcassets */,
			);
			path = "Preview Content";
			sourceTree = "<group>";
		};
		BFD13A1F272A424200339DA7 /* PouchesTests */ = {
			isa = PBXGroup;
			children = (
				BFD13A20272A424200339DA7 /* PouchesTests.swift */,
			);
			path = PouchesTests;
			sourceTree = "<group>";
		};
		BFD13A29272A424200339DA7 /* PouchesUITests */ = {
			isa = PBXGroup;
			children = (
				BFD13A2A272A424200339DA7 /* PouchesUITests.swift */,
				BFD13A2C272A424200339DA7 /* PouchesUITestsLaunchTests.swift */,
			);
			path = PouchesUITests;
			sourceTree = "<group>";
		};
/* End PBXGroup section */

/* Begin PBXNativeTarget section */
		BFD13A0B272A423F00339DA7 /* Pouches */ = {
			isa = PBXNativeTarget;
			buildConfigurationList = BFD13A30272A424200339DA7 /* Build configuration list for PBXNativeTarget "Pouches" */;
			buildPhases = (
				BFD13A08272A423F00339DA7 /* Sources */,
				BFD13A09272A423F00339DA7 /* Frameworks */,
				BFD13A0A272A423F00339DA7 /* Resources */,
			);
			buildRules = (
			);
			dependencies = (
			);
			name = Pouches;
			productName = Pouches;
			productReference = BFD13A0C272A423F00339DA7 /* Pouches.app */;
			productType = "com.apple.product-type.application";
		};
		BFD13A1B272A424200339DA7 /* PouchesTests */ = {
			isa = PBXNativeTarget;
			buildConfigurationList = BFD13A33272A424200339DA7 /* Build configuration list for PBXNativeTarget "PouchesTests" */;
			buildPhases = (
				BFD13A18272A424200339DA7 /* Sources */,
				BFD13A19272A424200339DA7 /* Frameworks */,
				BFD13A1A272A424200339DA7 /* Resources */,
			);
			buildRules = (
			);
			dependencies = (
				BFD13A1E272A424200339DA7 /* PBXTargetDependency */,
			);
			name = PouchesTests;
			productName = PouchesTests;
			productReference = BFD13A1C272A424200339DA7 /* PouchesTests.xctest */;
			productType = "com.apple.product-type.bundle.unit-test";
		};
		BFD13A25272A424200339DA7 /* PouchesUITests */ = {
			isa = PBXNativeTarget;
			buildConfigurationList = BFD13A36272A424200339DA7 /* Build configuration list for PBXNativeTarget "PouchesUITests" */;
			buildPhases = (
				BFD13A22272A424200339DA7 /* Sources */,
				BFD13A23272A424200339DA7 /* Frameworks */,
				BFD13A24272A424200339DA7 /* Resources */,
			);
			buildRules = (
			);
			dependencies = (
				BFD13A28272A424200339DA7 /* PBXTargetDependency */,
			);
			name = PouchesUITests;
			productName = PouchesUITests;
			productReference = BFD13A26272A424200339DA7 /* PouchesUITests.xctest */;
			productType = "com.apple.product-type.bundle.ui-testing";
		};
/* End PBXNativeTarget section */

/* Begin PBXProject section */
		BFD13A04272A423F00339DA7 /* Project object */ = {
			isa = PBXProject;
			attributes = {
				BuildIndependentTargetsInParallel = 1;
				LastSwiftUpdateCheck = 1300;
				LastUpgradeCheck = 1300;
				TargetAttributes = {
					BFD13A0B272A423F00339DA7 = {
						CreatedOnToolsVersion = 13.0;
					};
					BFD13A1B272A424200339DA7 = {
						CreatedOnToolsVersion = 13.0;
						TestTargetID = BFD13A0B272A423F00339DA7;
					};
					BFD13A25272A424200339DA7 = {
						CreatedOnToolsVersion = 13.0;
						TestTargetID = BFD13A0B272A423F00339DA7;
					};
				};
			};
			buildConfigurationList = BFD13A07272A423F00339DA7 /* Build configuration list for PBXProject "Pouches" */;
			compatibilityVersion = "Xcode 13.0";
			developmentRegion = en;
			hasScannedForEncodings = 0;
			knownRegions = (
				en,
				Base,
			);
			mainGroup = BFD13A03272A423F00339DA7;
			productRefGroup = BFD13A0D272A423F00339DA7 /* Products */;
			projectDirPath = "";
			projectRoot = "";
			targets = (
				BFD13A0B272A423F00339DA7 /* Pouches */,
				BFD13A1B272A424200339DA7 /* PouchesTests */,
				BFD13A25272A424200339DA7 /* PouchesUITests */,
			);
		};
/* End PBXProject section */

/* Begin PBXResourcesBuildPhase section */
		BFD13A0A272A423F00339DA7 /* Resources */ = {
			isa = PBXResourcesBuildPhase;
			buildActionMask = 2147483647;
			files = (
				BFD13A17272A424200339DA7 /* Preview Assets.xcassets in Resources */,
				BFD13A14272A424200339DA7 /* Assets.xcassets in Resources */,
			);
			runOnlyForDeploymentPostprocessing = 0;
		};
		BFD13A1A272A424200339DA7 /* Resources */ = {
			isa = PBXResourcesBuildPhase;
			buildActionMask = 2147483647;
			files = (
			);
			runOnlyForDeploymentPostprocessing = 0;
		};
		BFD13A24272A424200339DA7 /* Resources */ = {
			isa = PBXResourcesBuildPhase;
			buildActionMask = 2147483647;
			files = (
			);
			runOnlyForDeploymentPostprocessing = 0;
		};
/* End PBXResourcesBuildPhase section */

/* Begin PBXSourcesBuildPhase section */
		BFD13A08272A423F00339DA7 /* Sources */ = {
			isa = PBXSourcesBuildPhase;
			buildActionMask = 2147483647;
			files = (
				BFEE7DE02746EED200FFA8AA /* BudgetFunction.swift in Sources */,
				BFD13A12272A423F00339DA7 /* ContentView.swift in Sources */,
				BFD13A10272A423F00339DA7 /* PouchesApp.swift in Sources */,
				BF31EF5B2744928F00BC1F53 /* SwiftUIView.swift in Sources */,
			);
			runOnlyForDeploymentPostprocessing = 0;
		};
		BFD13A18272A424200339DA7 /* Sources */ = {
			isa = PBXSourcesBuildPhase;
			buildActionMask = 2147483647;
			files = (
				BFD13A21272A424200339DA7 /* PouchesTests.swift in Sources */,
			);
			runOnlyForDeploymentPostprocessing = 0;
		};
		BFD13A22272A424200339DA7 /* Sources */ = {
			isa = PBXSourcesBuildPhase;
			buildActionMask = 2147483647;
			files = (
				BFD13A2D272A424200339DA7 /* PouchesUITestsLaunchTests.swift in Sources */,
				BFD13A2B272A424200339DA7 /* PouchesUITests.swift in Sources */,
			);
			runOnlyForDeploymentPostprocessing = 0;
		};
/* End PBXSourcesBuildPhase section */

/* Begin PBXTargetDependency section */
		BFD13A1E272A424200339DA7 /* PBXTargetDependency */ = {
			isa = PBXTargetDependency;
			target = BFD13A0B272A423F00339DA7 /* Pouches */;
			targetProxy = BFD13A1D272A424200339DA7 /* PBXContainerItemProxy */;
		};
		BFD13A28272A424200339DA7 /* PBXTargetDependency */ = {
			isa = PBXTargetDependency;
			target = BFD13A0B272A423F00339DA7 /* Pouches */;
			targetProxy = BFD13A27272A424200339DA7 /* PBXContainerItemProxy */;
		};
/* End PBXTargetDependency section */

/* Begin XCBuildConfiguration section */
		BFD13A2E272A424200339DA7 /* Debug */ = {
			isa = XCBuildConfiguration;
			buildSettings = {
				ALWAYS_SEARCH_USER_PATHS = NO;
				CLANG_ANALYZER_NONNULL = YES;
				CLANG_ANALYZER_NUMBER_OBJECT_CONVERSION = YES_AGGRESSIVE;
				CLANG_CXX_LANGUAGE_STANDARD = "gnu++17";
				CLANG_CXX_LIBRARY = "libc++";
				CLANG_ENABLE_MODULES = YES;
				CLANG_ENABLE_OBJC_ARC = YES;
				CLANG_ENABLE_OBJC_WEAK = YES;
				CLANG_WARN_BLOCK_CAPTURE_AUTORELEASING = YES;
				CLANG_WARN_BOOL_CONVERSION = YES;
				CLANG_WARN_COMMA = YES;
				CLANG_WARN_CONSTANT_CONVERSION = YES;
				CLANG_WARN_DEPRECATED_OBJC_IMPLEMENTATIONS = YES;
				CLANG_WARN_DIRECT_OBJC_ISA_USAGE = YES_ERROR;
				CLANG_WARN_DOCUMENTATION_COMMENTS = YES;
				CLANG_WARN_EMPTY_BODY = YES;
				CLANG_WARN_ENUM_CONVERSION = YES;
				CLANG_WARN_INFINITE_RECURSION = YES;
				CLANG_WARN_INT_CONVERSION = YES;
				CLANG_WARN_NON_LITERAL_NULL_CONVERSION = YES;
				CLANG_WARN_OBJC_IMPLICIT_RETAIN_SELF = YES;
				CLANG_WARN_OBJC_LITERAL_CONVERSION = YES;
				CLANG_WARN_OBJC_ROOT_CLASS = YES_ERROR;
				CLANG_WARN_QUOTED_INCLUDE_IN_FRAMEWORK_HEADER = YES;
				CLANG_WARN_RANGE_LOOP_ANALYSIS = YES;
				CLANG_WARN_STRICT_PROTOTYPES = YES;
				CLANG_WARN_SUSPICIOUS_MOVE = YES;
				CLANG_WARN_UNGUARDED_AVAILABILITY = YES_AGGRESSIVE;
				CLANG_WARN_UNREACHABLE_CODE = YES;
				CLANG_WARN__DUPLICATE_METHOD_MATCH = YES;
				COPY_PHASE_STRIP = NO;
				DEBUG_INFORMATION_FORMAT = dwarf;
				ENABLE_STRICT_OBJC_MSGSEND = YES;
				ENABLE_TESTABILITY = YES;
				GCC_C_LANGUAGE_STANDARD = gnu11;
				GCC_DYNAMIC_NO_PIC = NO;
				GCC_NO_COMMON_BLOCKS = YES;
				GCC_OPTIMIZATION_LEVEL = 0;
				GCC_PREPROCESSOR_DEFINITIONS = (
					"DEBUG=1",
					"$(inherited)",
				);
				GCC_WARN_64_TO_32_BIT_CONVERSION = YES;
				GCC_WARN_ABOUT_RETURN_TYPE = YES_ERROR;
				GCC_WARN_UNDECLARED_SELECTOR = YES;
				GCC_WARN_UNINITIALIZED_AUTOS = YES_AGGRESSIVE;
				GCC_WARN_UNUSED_FUNCTION = YES;
				GCC_WARN_UNUSED_VARIABLE = YES;
				IPHONEOS_DEPLOYMENT_TARGET = 15.0;
				MTL_ENABLE_DEBUG_INFO = INCLUDE_SOURCE;
				MTL_FAST_MATH = YES;
				ONLY_ACTIVE_ARCH = YES;
				SDKROOT = iphoneos;
				SWIFT_ACTIVE_COMPILATION_CONDITIONS = DEBUG;
				SWIFT_OPTIMIZATION_LEVEL = "-Onone";
			};
			name = Debug;
		};
		BFD13A2F272A424200339DA7 /* Release */ = {
			isa = XCBuildConfiguration;
			buildSettings = {
				ALWAYS_SEARCH_USER_PATHS = NO;
				CLANG_ANALYZER_NONNULL = YES;
				CLANG_ANALYZER_NUMBER_OBJECT_CONVERSION = YES_AGGRESSIVE;
				CLANG_CXX_LANGUAGE_STANDARD = "gnu++17";
				CLANG_CXX_LIBRARY = "libc++";
				CLANG_ENABLE_MODULES = YES;
				CLANG_ENABLE_OBJC_ARC = YES;
				CLANG_ENABLE_OBJC_WEAK = YES;
				CLANG_WARN_BLOCK_CAPTURE_AUTORELEASING = YES;
				CLANG_WARN_BOOL_CONVERSION = YES;
				CLANG_WARN_COMMA = YES;
				CLANG_WARN_CONSTANT_CONVERSION = YES;
				CLANG_WARN_DEPRECATED_OBJC_IMPLEMENTATIONS = YES;
				CLANG_WARN_DIRECT_OBJC_ISA_USAGE = YES_ERROR;
				CLANG_WARN_DOCUMENTATION_COMMENTS = YES;
				CLANG_WARN_EMPTY_BODY = YES;
				CLANG_WARN_ENUM_CONVERSION = YES;
				CLANG_WARN_INFINITE_RECURSION = YES;
				CLANG_WARN_INT_CONVERSION = YES;
				CLANG_WARN_NON_LITERAL_NULL_CONVERSION = YES;
				CLANG_WARN_OBJC_IMPLICIT_RETAIN_SELF = YES;
				CLANG_WARN_OBJC_LITERAL_CONVERSION = YES;
				CLANG_WARN_OBJC_ROOT_CLASS = YES_ERROR;
				CLANG_WARN_QUOTED_INCLUDE_IN_FRAMEWORK_HEADER = YES;
				CLANG_WARN_RANGE_LOOP_ANALYSIS = YES;
				CLANG_WARN_STRICT_PROTOTYPES = YES;
				CLANG_WARN_SUSPICIOUS_MOVE = YES;
				CLANG_WARN_UNGUARDED_AVAILABILITY = YES_AGGRESSIVE;
				CLANG_WARN_UNREACHABLE_CODE = YES;
				CLANG_WARN__DUPLICATE_METHOD_MATCH = YES;
				COPY_PHASE_STRIP = NO;
				DEBUG_INFORMATION_FORMAT = "dwarf-with-dsym";
				ENABLE_NS_ASSERTIONS = NO;
				ENABLE_STRICT_OBJC_MSGSEND = YES;
				GCC_C_LANGUAGE_STANDARD = gnu11;
				GCC_NO_COMMON_BLOCKS = YES;
				GCC_WARN_64_TO_32_BIT_CONVERSION = YES;
				GCC_WARN_ABOUT_RETURN_TYPE = YES_ERROR;
				GCC_WARN_UNDECLARED_SELECTOR = YES;
				GCC_WARN_UNINITIALIZED_AUTOS = YES_AGGRESSIVE;
				GCC_WARN_UNUSED_FUNCTION = YES;
				GCC_WARN_UNUSED_VARIABLE = YES;
				IPHONEOS_DEPLOYMENT_TARGET = 15.0;
				MTL_ENABLE_DEBUG_INFO = NO;
				MTL_FAST_MATH = YES;
				SDKROOT = iphoneos;
				SWIFT_COMPILATION_MODE = wholemodule;
				SWIFT_OPTIMIZATION_LEVEL = "-O";
				VALIDATE_PRODUCT = YES;
			};
			name = Release;
		};
		BFD13A31272A424200339DA7 /* Debug */ = {
			isa = XCBuildConfiguration;
			buildSettings = {
				ASSETCATALOG_COMPILER_APPICON_NAME = AppIcon;
				ASSETCATALOG_COMPILER_GLOBAL_ACCENT_COLOR_NAME = AccentColor;
				CODE_SIGN_STYLE = Automatic;
				CURRENT_PROJECT_VERSION = 1;
				DEVELOPMENT_ASSET_PATHS = "\"Pouches/Preview Content\"";
				ENABLE_PREVIEWS = YES;
				GENERATE_INFOPLIST_FILE = YES;
				INFOPLIST_KEY_UIApplicationSceneManifest_Generation = YES;
				INFOPLIST_KEY_UIApplicationSupportsIndirectInputEvents = YES;
				INFOPLIST_KEY_UILaunchScreen_Generation = YES;
				INFOPLIST_KEY_UISupportedInterfaceOrientations_iPad = "UIInterfaceOrientationPortrait UIInterfaceOrientationPortraitUpsideDown UIInterfaceOrientationLandscapeLeft UIInterfaceOrientationLandscapeRight";
				INFOPLIST_KEY_UISupportedInterfaceOrientations_iPhone = "UIInterfaceOrientationPortrait UIInterfaceOrientationLandscapeLeft UIInterfaceOrientationLandscapeRight";
				IPHONEOS_DEPLOYMENT_TARGET = 14.0;
				LD_RUNPATH_SEARCH_PATHS = (
					"$(inherited)",
					"@executable_path/Frameworks",
				);
				MARKETING_VERSION = 1.0;
				PRODUCT_BUNDLE_IDENTIFIER = "Yuka-Nakamura.Pouches";
				PRODUCT_NAME = "$(TARGET_NAME)";
				SWIFT_EMIT_LOC_STRINGS = YES;
				SWIFT_VERSION = 5.0;
				TARGETED_DEVICE_FAMILY = "1,2";
			};
			name = Debug;
		};
		BFD13A32272A424200339DA7 /* Release */ = {
			isa = XCBuildConfiguration;
			buildSettings = {
				ASSETCATALOG_COMPILER_APPICON_NAME = AppIcon;
				ASSETCATALOG_COMPILER_GLOBAL_ACCENT_COLOR_NAME = AccentColor;
				CODE_SIGN_STYLE = Automatic;
				CURRENT_PROJECT_VERSION = 1;
				DEVELOPMENT_ASSET_PATHS = "\"Pouches/Preview Content\"";
				ENABLE_PREVIEWS = YES;
				GENERATE_INFOPLIST_FILE = YES;
				INFOPLIST_KEY_UIApplicationSceneManifest_Generation = YES;
				INFOPLIST_KEY_UIApplicationSupportsIndirectInputEvents = YES;
				INFOPLIST_KEY_UILaunchScreen_Generation = YES;
				INFOPLIST_KEY_UISupportedInterfaceOrientations_iPad = "UIInterfaceOrientationPortrait UIInterfaceOrientationPortraitUpsideDown UIInterfaceOrientationLandscapeLeft UIInterfaceOrientationLandscapeRight";
				INFOPLIST_KEY_UISupportedInterfaceOrientations_iPhone = "UIInterfaceOrientationPortrait UIInterfaceOrientationLandscapeLeft UIInterfaceOrientationLandscapeRight";
				IPHONEOS_DEPLOYMENT_TARGET = 14.0;
				LD_RUNPATH_SEARCH_PATHS = (
					"$(inherited)",
					"@executable_path/Frameworks",
				);
				MARKETING_VERSION = 1.0;
				PRODUCT_BUNDLE_IDENTIFIER = "Yuka-Nakamura.Pouches";
				PRODUCT_NAME = "$(TARGET_NAME)";
				SWIFT_EMIT_LOC_STRINGS = YES;
				SWIFT_VERSION = 5.0;
				TARGETED_DEVICE_FAMILY = "1,2";
			};
			name = Release;
		};
		BFD13A34272A424200339DA7 /* Debug */ = {
			isa = XCBuildConfiguration;
			buildSettings = {
				ALWAYS_EMBED_SWIFT_STANDARD_LIBRARIES = YES;
				BUNDLE_LOADER = "$(TEST_HOST)";
				CODE_SIGN_STYLE = Automatic;
				CURRENT_PROJECT_VERSION = 1;
				GENERATE_INFOPLIST_FILE = YES;
				IPHONEOS_DEPLOYMENT_TARGET = 14.0;
				LD_RUNPATH_SEARCH_PATHS = (
					"$(inherited)",
					"@executable_path/Frameworks",
					"@loader_path/Frameworks",
				);
				MARKETING_VERSION = 1.0;
				PRODUCT_BUNDLE_IDENTIFIER = "Yuka-Nakamura.PouchesTests";
				PRODUCT_NAME = "$(TARGET_NAME)";
				SWIFT_EMIT_LOC_STRINGS = NO;
				SWIFT_VERSION = 5.0;
				TARGETED_DEVICE_FAMILY = "1,2";
				TEST_HOST = "$(BUILT_PRODUCTS_DIR)/Pouches.app/Pouches";
			};
			name = Debug;
		};
		BFD13A35272A424200339DA7 /* Release */ = {
			isa = XCBuildConfiguration;
			buildSettings = {
				ALWAYS_EMBED_SWIFT_STANDARD_LIBRARIES = YES;
				BUNDLE_LOADER = "$(TEST_HOST)";
				CODE_SIGN_STYLE = Automatic;
				CURRENT_PROJECT_VERSION = 1;
				GENERATE_INFOPLIST_FILE = YES;
				IPHONEOS_DEPLOYMENT_TARGET = 14.0;
				LD_RUNPATH_SEARCH_PATHS = (
					"$(inherited)",
					"@executable_path/Frameworks",
					"@loader_path/Frameworks",
				);
				MARKETING_VERSION = 1.0;
				PRODUCT_BUNDLE_IDENTIFIER = "Yuka-Nakamura.PouchesTests";
				PRODUCT_NAME = "$(TARGET_NAME)";
				SWIFT_EMIT_LOC_STRINGS = NO;
				SWIFT_VERSION = 5.0;
				TARGETED_DEVICE_FAMILY = "1,2";
				TEST_HOST = "$(BUILT_PRODUCTS_DIR)/Pouches.app/Pouches";
			};
			name = Release;
		};
		BFD13A37272A424200339DA7 /* Debug */ = {
			isa = XCBuildConfiguration;
			buildSettings = {
				ALWAYS_EMBED_SWIFT_STANDARD_LIBRARIES = YES;
				CODE_SIGN_STYLE = Automatic;
				CURRENT_PROJECT_VERSION = 1;
				GENERATE_INFOPLIST_FILE = YES;
				LD_RUNPATH_SEARCH_PATHS = (
					"$(inherited)",
					"@executable_path/Frameworks",
					"@loader_path/Frameworks",
				);
				MARKETING_VERSION = 1.0;
				PRODUCT_BUNDLE_IDENTIFIER = "Yuka-Nakamura.PouchesUITests";
				PRODUCT_NAME = "$(TARGET_NAME)";
				SWIFT_EMIT_LOC_STRINGS = NO;
				SWIFT_VERSION = 5.0;
				TARGETED_DEVICE_FAMILY = "1,2";
				TEST_TARGET_NAME = Pouches;
			};
			name = Debug;
		};
		BFD13A38272A424200339DA7 /* Release */ = {
			isa = XCBuildConfiguration;
			buildSettings = {
				ALWAYS_EMBED_SWIFT_STANDARD_LIBRARIES = YES;
				CODE_SIGN_STYLE = Automatic;
				CURRENT_PROJECT_VERSION = 1;
				GENERATE_INFOPLIST_FILE = YES;
				LD_RUNPATH_SEARCH_PATHS = (
					"$(inherited)",
					"@executable_path/Frameworks",
					"@loader_path/Frameworks",
				);
				MARKETING_VERSION = 1.0;
				PRODUCT_BUNDLE_IDENTIFIER = "Yuka-Nakamura.PouchesUITests";
				PRODUCT_NAME = "$(TARGET_NAME)";
				SWIFT_EMIT_LOC_STRINGS = NO;
				SWIFT_VERSION = 5.0;
				TARGETED_DEVICE_FAMILY = "1,2";
				TEST_TARGET_NAME = Pouches;
			};
			name = Release;
		};
/* End XCBuildConfiguration section */

/* Begin XCConfigurationList section */
		BFD13A07272A423F00339DA7 /* Build configuration list for PBXProject "Pouches" */ = {
			isa = XCConfigurationList;
			buildConfigurations = (
				BFD13A2E272A424200339DA7 /* Debug */,
				BFD13A2F272A424200339DA7 /* Release */,
			);
			defaultConfigurationIsVisible = 0;
			defaultConfigurationName = Release;
		};
		BFD13A30272A424200339DA7 /* Build configuration list for PBXNativeTarget "Pouches" */ = {
			isa = XCConfigurationList;
			buildConfigurations = (
				BFD13A31272A424200339DA7 /* Debug */,
				BFD13A32272A424200339DA7 /* Release */,
			);
			defaultConfigurationIsVisible = 0;
			defaultConfigurationName = Release;
		};
		BFD13A33272A424200339DA7 /* Build configuration list for PBXNativeTarget "PouchesTests" */ = {
			isa = XCConfigurationList;
			buildConfigurations = (
				BFD13A34272A424200339DA7 /* Debug */,
				BFD13A35272A424200339DA7 /* Release */,
			);
			defaultConfigurationIsVisible = 0;
			defaultConfigurationName = Release;
		};
		BFD13A36272A424200339DA7 /* Build configuration list for PBXNativeTarget "PouchesUITests" */ = {
			isa = XCConfigurationList;
			buildConfigurations = (
				BFD13A37272A424200339DA7 /* Debug */,
				BFD13A38272A424200339DA7 /* Release */,
			);
			defaultConfigurationIsVisible = 0;
			defaultConfigurationName = Release;
		};
/* End XCConfigurationList section */
	};
	rootObject = BFD13A04272A423F00339DA7 /* Project object */;
}
